
Microsoft Visual Studio Solution File, Format Version 12.00
# Visual Studio Version 16
VisualStudioVersion = 16.0.33328.57
MinimumVisualStudioVersion = 10.0.40219.1
Project("{FAE04EC0-301F-11D3-BF4B-00C04F79EFBC}") = "WpfApp1", "WpfApp1.csproj", "{4F8CB573-FB03-4FFA-8BEA-7B56762FF545}"
EndProject
Global
	GlobalSection(SolutionConfigurationPlatforms) = preSolution
		Debug|Any CPU = Debug|Any CPU
		Release|Any CPU = Release|Any CPU
	EndGlobalSection
	GlobalSection(ProjectConfigurationPlatforms) = postSolution
		{4F8CB573-FB03-4FFA-8BEA-7B56762FF545}.Debug|Any CPU.ActiveCfg = Debug|Any CPU
		{4F8CB573-FB03-4FFA-8BEA-7B56762FF545}.Debug|Any CPU.Build.0 = Debug|Any CPU
		{4F8CB573-FB03-4FFA-8BEA-7B56762FF545}.Release|Any CPU.ActiveCfg = Release|Any CPU
		{4F8CB573-FB03-4FFA-8BEA-7B56762FF545}.Release|Any CPU.Build.0 = Release|Any CPU
	EndGlobalSection
	GlobalSection(SolutionProperties) = preSolution
		HideSolutionNode = FALSE
	EndGlobalSection
	GlobalSection(ExtensibilityGlobals) = postSolution
		SolutionGuid = {744F4199-9486-4A22-A68E-CBB2EC94B7BF}
	EndGlobalSection
EndGlobal
